
Microsoft Visual Studio Solution File, Format Version 12.00
Project("{FAE04EC0-301F-11D3-BF4B-00C04F79EFBC}") = "FibonacciFraming", "FibonacciFraming\FibonacciFraming.csproj", "{12E75003-E7B8-4834-BC4E-15E473FD62C2}"
EndProject
Project("{FAE04EC0-301F-11D3-BF4B-00C04F79EFBC}") = "FibFramingTests", "FibFramingTests\FibFramingTests.csproj", "{97E79BA3-A924-4FC9-9248-A361226F68BF}"
EndProject
Project("{2150E333-8FDC-42A3-9474-1A3956D46DE8}") = "_Info", "_Info", "{C9BC608B-5664-42FE-B5F0-0F9A9EA88163}"
	ProjectSection(SolutionItems) = preProject
		..\.gitignore = ..\.gitignore
		..\LICENSE = ..\LICENSE
		..\README.md = ..\README.md
	EndProjectSection
EndProject
Global
	GlobalSection(SolutionConfigurationPlatforms) = preSolution
		Debug|Any CPU = Debug|Any CPU
		Release|Any CPU = Release|Any CPU
	EndGlobalSection
	GlobalSection(ProjectConfigurationPlatforms) = postSolution
		{12E75003-E7B8-4834-BC4E-15E473FD62C2}.Debug|Any CPU.ActiveCfg = Debug|Any CPU
		{12E75003-E7B8-4834-BC4E-15E473FD62C2}.Debug|Any CPU.Build.0 = Debug|Any CPU
		{12E75003-E7B8-4834-BC4E-15E473FD62C2}.Release|Any CPU.ActiveCfg = Release|Any CPU
		{12E75003-E7B8-4834-BC4E-15E473FD62C2}.Release|Any CPU.Build.0 = Release|Any CPU
		{97E79BA3-A924-4FC9-9248-A361226F68BF}.Debug|Any CPU.ActiveCfg = Debug|Any CPU
		{97E79BA3-A924-4FC9-9248-A361226F68BF}.Debug|Any CPU.Build.0 = Debug|Any CPU
		{97E79BA3-A924-4FC9-9248-A361226F68BF}.Release|Any CPU.ActiveCfg = Release|Any CPU
		{97E79BA3-A924-4FC9-9248-A361226F68BF}.Release|Any CPU.Build.0 = Release|Any CPU
	EndGlobalSection
EndGlobal
